
Microsoft Visual Studio Solution File, Format Version 12.00
# Visual Studio Version 17
VisualStudioVersion = 17.9.34701.34
MinimumVisualStudioVersion = 10.0.40219.1
Project("{FAE04EC0-301F-11D3-BF4B-00C04F79EFBC}") = "TaskManager.API", "TaskManager.API\TaskManager.API.csproj", "{BE1E4DBA-3606-4840-A503-6627346E6A99}"
EndProject
Project("{FAE04EC0-301F-11D3-BF4B-00C04F79EFBC}") = "TaskManager.Application", "TaskManager.Application\TaskManager.Application.csproj", "{538DCF37-9D13-45A3-ABCC-6367A05613FC}"
EndProject
Project("{FAE04EC0-301F-11D3-BF4B-00C04F79EFBC}") = "TaskManager.Communication", "TaskManager.Communication\TaskManager.Communication.csproj", "{A9E379CD-FD81-4543-A9AE-510296B4DCAB}"
EndProject
Global
	GlobalSection(SolutionConfigurationPlatforms) = preSolution
		Debug|Any CPU = Debug|Any CPU
		Release|Any CPU = Release|Any CPU
	EndGlobalSection
	GlobalSection(ProjectConfigurationPlatforms) = postSolution
		{BE1E4DBA-3606-4840-A503-6627346E6A99}.Debug|Any CPU.ActiveCfg = Debug|Any CPU
		{BE1E4DBA-3606-4840-A503-6627346E6A99}.Debug|Any CPU.Build.0 = Debug|Any CPU
		{BE1E4DBA-3606-4840-A503-6627346E6A99}.Release|Any CPU.ActiveCfg = Release|Any CPU
		{BE1E4DBA-3606-4840-A503-6627346E6A99}.Release|Any CPU.Build.0 = Release|Any CPU
		{538DCF37-9D13-45A3-ABCC-6367A05613FC}.Debug|Any CPU.ActiveCfg = Debug|Any CPU
		{538DCF37-9D13-45A3-ABCC-6367A05613FC}.Debug|Any CPU.Build.0 = Debug|Any CPU
		{538DCF37-9D13-45A3-ABCC-6367A05613FC}.Release|Any CPU.ActiveCfg = Release|Any CPU
		{538DCF37-9D13-45A3-ABCC-6367A05613FC}.Release|Any CPU.Build.0 = Release|Any CPU
		{A9E379CD-FD81-4543-A9AE-510296B4DCAB}.Debug|Any CPU.ActiveCfg = Debug|Any CPU
		{A9E379CD-FD81-4543-A9AE-510296B4DCAB}.Debug|Any CPU.Build.0 = Debug|Any CPU
		{A9E379CD-FD81-4543-A9AE-510296B4DCAB}.Release|Any CPU.ActiveCfg = Release|Any CPU
		{A9E379CD-FD81-4543-A9AE-510296B4DCAB}.Release|Any CPU.Build.0 = Release|Any CPU
	EndGlobalSection
	GlobalSection(SolutionProperties) = preSolution
		HideSolutionNode = FALSE
	EndGlobalSection
	GlobalSection(ExtensibilityGlobals) = postSolution
		SolutionGuid = {7E158924-111A-444A-B82E-0F2EA9C4AE62}
	EndGlobalSection
EndGlobal
